[root]
name = "mapgen"
version = "0.0.1"
dependencies = [
 "bitmap 0.0.2 (git+https://github.com/quvarxa/bitmap.git)",
 "noise 0.0.3 (git+https://github.com/bjz/noise-rs)",
]

[[package]]
name = "bitmap"
version = "0.0.2"
source = "git+https://github.com/quvarxa/bitmap.git#9b5776ba6c0fc9b292f622f3a2d4ff49cf91d924"

[[package]]
name = "noise"
version = "0.0.3"
source = "git+https://github.com/bjz/noise-rs#a4ff6be38772ce5a3382da6c41850d9ca63da2ca"

