[root]
name = "mapgen"
version = "0.0.1"
dependencies = [
 "bitmap 0.0.2 (git+https://github.com/quvarxa/bitmap.git)",
 "noise 0.0.3 (git+https://github.com/bjz/noise-rs)",
]

[[package]]
name = "bitmap"
version = "0.0.2"
source = "git+https://github.com/quvarxa/bitmap.git#7ab1ef545ecd0f96cf681f9862834e0009d08d1d"

[[package]]
name = "noise"
version = "0.0.3"
source = "git+https://github.com/bjz/noise-rs#52ab85af658b2611fa798705fd5b06ba58fdc037"

